
Microsoft Visual Studio Solution File, Format Version 12.00
# Visual Studio Version 16
VisualStudioVersion = 16.0.29911.84
MinimumVisualStudioVersion = 10.0.40219.1
Project("{FAE04EC0-301F-11D3-BF4B-00C04F79EFBC}") = "CustomIdentity", "CustomIdentity\CustomIdentity.csproj", "{D4460720-DE7D-4F45-B704-822A466E221B}"
EndProject
Global
	GlobalSection(SolutionConfigurationPlatforms) = preSolution
		Debug|Any CPU = Debug|Any CPU
		Release|Any CPU = Release|Any CPU
	EndGlobalSection
	GlobalSection(ProjectConfigurationPlatforms) = postSolution
		{D4460720-DE7D-4F45-B704-822A466E221B}.Debug|Any CPU.ActiveCfg = Debug|Any CPU
		{D4460720-DE7D-4F45-B704-822A466E221B}.Debug|Any CPU.Build.0 = Debug|Any CPU
		{D4460720-DE7D-4F45-B704-822A466E221B}.Release|Any CPU.ActiveCfg = Release|Any CPU
		{D4460720-DE7D-4F45-B704-822A466E221B}.Release|Any CPU.Build.0 = Release|Any CPU
	EndGlobalSection
	GlobalSection(SolutionProperties) = preSolution
		HideSolutionNode = FALSE
	EndGlobalSection
	GlobalSection(ExtensibilityGlobals) = postSolution
		SolutionGuid = {F2D77DCD-0192-4592-8589-646F9E90B04A}
	EndGlobalSection
EndGlobal
